
Microsoft Visual Studio Solution File, Format Version 12.00
# Visual Studio Version 16
VisualStudioVersion = 16.0.29613.14
MinimumVisualStudioVersion = 10.0.40219.1
Project("{9A19103F-16F7-4668-BE54-9A1E7A4F7556}") = "SkillAppAdoDapperWebApi.WEBAPI", "SkillAppAdoDapperWebApi\SkillAppAdoDapperWebApi.WEBAPI.csproj", "{0AD9516D-9729-41D5-B8FE-D31A024E3A81}"
EndProject
Project("{9A19103F-16F7-4668-BE54-9A1E7A4F7556}") = "SkillAppAdoDapperWebApi.DAL", "SkillAppAdoDapperWebApi.DAL\SkillAppAdoDapperWebApi.DAL.csproj", "{2297F345-FC2C-4ACD-A64E-59645510B50A}"
EndProject
Project("{9A19103F-16F7-4668-BE54-9A1E7A4F7556}") = "SkillAppAdoDapperWebApi.BLL", "SkillAppAdoDapperWebApi.BLL\SkillAppAdoDapperWebApi.BLL.csproj", "{F5B91188-CBAE-4EFD-915A-128A55ED3B69}"
EndProject
Project("{FAE04EC0-301F-11D3-BF4B-00C04F79EFBC}") = "SkillAppAdoDapperWebApi.Repository", "SkillAppAdoDapperWebApi.Repository\SkillAppAdoDapperWebApi.Repository.csproj", "{497E2BD2-9861-43E0-8DE3-160A3789D54E}"
EndProject
Project("{FAE04EC0-301F-11D3-BF4B-00C04F79EFBC}") = "SkillAppAdoDapperWebApi.Infrastructure", "SkillAppAdoDapperWebApi.Infrastructure\SkillAppAdoDapperWebApi.Infrastructure.csproj", "{A17A3443-A506-4EF5-85E5-5E7F95F9728E}"
EndProject
Global
	GlobalSection(SolutionConfigurationPlatforms) = preSolution
		Debug|Any CPU = Debug|Any CPU
		Release|Any CPU = Release|Any CPU
	EndGlobalSection
	GlobalSection(ProjectConfigurationPlatforms) = postSolution
		{0AD9516D-9729-41D5-B8FE-D31A024E3A81}.Debug|Any CPU.ActiveCfg = Debug|Any CPU
		{0AD9516D-9729-41D5-B8FE-D31A024E3A81}.Debug|Any CPU.Build.0 = Debug|Any CPU
		{0AD9516D-9729-41D5-B8FE-D31A024E3A81}.Release|Any CPU.ActiveCfg = Release|Any CPU
		{0AD9516D-9729-41D5-B8FE-D31A024E3A81}.Release|Any CPU.Build.0 = Release|Any CPU
		{2297F345-FC2C-4ACD-A64E-59645510B50A}.Debug|Any CPU.ActiveCfg = Debug|Any CPU
		{2297F345-FC2C-4ACD-A64E-59645510B50A}.Debug|Any CPU.Build.0 = Debug|Any CPU
		{2297F345-FC2C-4ACD-A64E-59645510B50A}.Release|Any CPU.ActiveCfg = Release|Any CPU
		{2297F345-FC2C-4ACD-A64E-59645510B50A}.Release|Any CPU.Build.0 = Release|Any CPU
		{F5B91188-CBAE-4EFD-915A-128A55ED3B69}.Debug|Any CPU.ActiveCfg = Debug|Any CPU
		{F5B91188-CBAE-4EFD-915A-128A55ED3B69}.Debug|Any CPU.Build.0 = Debug|Any CPU
		{F5B91188-CBAE-4EFD-915A-128A55ED3B69}.Release|Any CPU.ActiveCfg = Release|Any CPU
		{F5B91188-CBAE-4EFD-915A-128A55ED3B69}.Release|Any CPU.Build.0 = Release|Any CPU
		{497E2BD2-9861-43E0-8DE3-160A3789D54E}.Debug|Any CPU.ActiveCfg = Debug|Any CPU
		{497E2BD2-9861-43E0-8DE3-160A3789D54E}.Debug|Any CPU.Build.0 = Debug|Any CPU
		{497E2BD2-9861-43E0-8DE3-160A3789D54E}.Release|Any CPU.ActiveCfg = Release|Any CPU
		{497E2BD2-9861-43E0-8DE3-160A3789D54E}.Release|Any CPU.Build.0 = Release|Any CPU
		{A17A3443-A506-4EF5-85E5-5E7F95F9728E}.Debug|Any CPU.ActiveCfg = Debug|Any CPU
		{A17A3443-A506-4EF5-85E5-5E7F95F9728E}.Debug|Any CPU.Build.0 = Debug|Any CPU
		{A17A3443-A506-4EF5-85E5-5E7F95F9728E}.Release|Any CPU.ActiveCfg = Release|Any CPU
		{A17A3443-A506-4EF5-85E5-5E7F95F9728E}.Release|Any CPU.Build.0 = Release|Any CPU
	EndGlobalSection
	GlobalSection(SolutionProperties) = preSolution
		HideSolutionNode = FALSE
	EndGlobalSection
	GlobalSection(ExtensibilityGlobals) = postSolution
		SolutionGuid = {9DBDE057-3713-4B4E-8F4D-45FFEEFBF5C7}
	EndGlobalSection
EndGlobal
